// !$*UTF8*$!
{
	archiveVersion = 1;
	classes = {
	};
	objectVersion = 46;
	objects = {

/* Begin PBXBuildFile section */
		82918FF11780705900F25133 /* Foundation.framework in Frameworks */ = {isa = PBXBuildFile; fileRef = 82918FF01780705900F25133 /* Foundation.framework */; };
		82918FF31780705900F25133 /* CoreGraphics.framework in Frameworks */ = {isa = PBXBuildFile; fileRef = 82918FF21780705900F25133 /* CoreGraphics.framework */; };
		82918FF51780705900F25133 /* UIKit.framework in Frameworks */ = {isa = PBXBuildFile; fileRef = 82918FF41780705900F25133 /* UIKit.framework */; };
		82918FFB1780705900F25133 /* InfoPlist.strings in Resources */ = {isa = PBXBuildFile; fileRef = 82918FF91780705900F25133 /* InfoPlist.strings */; };
		82918FFD1780705900F25133 /* main.m in Sources */ = {isa = PBXBuildFile; fileRef = 82918FFC1780705900F25133 /* main.m */; };
		829190011780705900F25133 /* AppDelegate.m in Sources */ = {isa = PBXBuildFile; fileRef = 829190001780705900F25133 /* AppDelegate.m */; };
		829190041780705900F25133 /* Main.storyboard in Resources */ = {isa = PBXBuildFile; fileRef = 829190021780705900F25133 /* Main.storyboard */; };
		829190071780705900F25133 /* ViewController.m in Sources */ = {isa = PBXBuildFile; fileRef = 829190061780705900F25133 /* ViewController.m */; };
		829190091780705900F25133 /* Images.xcassets in Resources */ = {isa = PBXBuildFile; fileRef = 829190081780705900F25133 /* Images.xcassets */; };
		829190101780705900F25133 /* XCTest.framework in Frameworks */ = {isa = PBXBuildFile; fileRef = 8291900F1780705900F25133 /* XCTest.framework */; };
		829190111780705900F25133 /* Foundation.framework in Frameworks */ = {isa = PBXBuildFile; fileRef = 82918FF01780705900F25133 /* Foundation.framework */; };
		829190121780705900F25133 /* UIKit.framework in Frameworks */ = {isa = PBXBuildFile; fileRef = 82918FF41780705900F25133 /* UIKit.framework */; };
		8291901A1780705900F25133 /* InfoPlist.strings in Resources */ = {isa = PBXBuildFile; fileRef = 829190181780705900F25133 /* InfoPlist.strings */; };
		8291901C1780705900F25133 /* China_OffsetTests.m in Sources */ = {isa = PBXBuildFile; fileRef = 8291901B1780705900F25133 /* China_OffsetTests.m */; };
/* End PBXBuildFile section */

/* Begin PBXContainerItemProxy section */
		829190131780705900F25133 /* PBXContainerItemProxy */ = {
			isa = PBXContainerItemProxy;
			containerPortal = 82918FE51780705900F25133 /* Project object */;
			proxyType = 1;
			remoteGlobalIDString = 82918FEC1780705900F25133;
			remoteInfo = "China Offset";
		};
/* End PBXContainerItemProxy section */

/* Begin PBXFileReference section */
		82918FED1780705900F25133 /* China Offset.app */ = {isa = PBXFileReference; explicitFileType = wrapper.application; includeInIndex = 0; path = "China Offset.app"; sourceTree = BUILT_PRODUCTS_DIR; };
		82918FF01780705900F25133 /* Foundation.framework */ = {isa = PBXFileReference; lastKnownFileType = wrapper.framework; name = Foundation.framework; path = System/Library/Frameworks/Foundation.framework; sourceTree = SDKROOT; };
		82918FF21780705900F25133 /* CoreGraphics.framework */ = {isa = PBXFileReference; lastKnownFileType = wrapper.framework; name = CoreGraphics.framework; path = System/Library/Frameworks/CoreGraphics.framework; sourceTree = SDKROOT; };
		82918FF41780705900F25133 /* UIKit.framework */ = {isa = PBXFileReference; lastKnownFileType = wrapper.framework; name = UIKit.framework; path = System/Library/Frameworks/UIKit.framework; sourceTree = SDKROOT; };
		82918FF81780705900F25133 /* China Offset-Info.plist */ = {isa = PBXFileReference; lastKnownFileType = text.plist.xml; path = "China Offset-Info.plist"; sourceTree = "<group>"; };
		82918FFA1780705900F25133 /* en */ = {isa = PBXFileReference; lastKnownFileType = text.plist.strings; name = en; path = en.lproj/InfoPlist.strings; sourceTree = "<group>"; };
		82918FFC1780705900F25133 /* main.m */ = {isa = PBXFileReference; lastKnownFileType = sourcecode.c.objc; path = main.m; sourceTree = "<group>"; };
		82918FFE1780705900F25133 /* China Offset-Prefix.pch */ = {isa = PBXFileReference; lastKnownFileType = sourcecode.c.h; path = "China Offset-Prefix.pch"; sourceTree = "<group>"; };
		82918FFF1780705900F25133 /* AppDelegate.h */ = {isa = PBXFileReference; lastKnownFileType = sourcecode.c.h; path = AppDelegate.h; sourceTree = "<group>"; };
		829190001780705900F25133 /* AppDelegate.m */ = {isa = PBXFileReference; lastKnownFileType = sourcecode.c.objc; path = AppDelegate.m; sourceTree = "<group>"; };
		829190031780705900F25133 /* Base */ = {isa = PBXFileReference; lastKnownFileType = file.storyboard; name = Base; path = Base.lproj/Main.storyboard; sourceTree = "<group>"; };
		829190051780705900F25133 /* ViewController.h */ = {isa = PBXFileReference; lastKnownFileType = sourcecode.c.h; path = ViewController.h; sourceTree = "<group>"; };
		829190061780705900F25133 /* ViewController.m */ = {isa = PBXFileReference; lastKnownFileType = sourcecode.c.objc; path = ViewController.m; sourceTree = "<group>"; };
		829190081780705900F25133 /* Images.xcassets */ = {isa = PBXFileReference; lastKnownFileType = folder.assetcatalog; path = Images.xcassets; sourceTree = "<group>"; };
		8291900E1780705900F25133 /* China OffsetTests.xctest */ = {isa = PBXFileReference; explicitFileType = wrapper.cfbundle; includeInIndex = 0; path = "China OffsetTests.xctest"; sourceTree = BUILT_PRODUCTS_DIR; };
		8291900F1780705900F25133 /* XCTest.framework */ = {isa = PBXFileReference; lastKnownFileType = wrapper.framework; name = XCTest.framework; path = Library/Frameworks/XCTest.framework; sourceTree = DEVELOPER_DIR; };
		829190171780705900F25133 /* China OffsetTests-Info.plist */ = {isa = PBXFileReference; lastKnownFileType = text.plist.xml; path = "China OffsetTests-Info.plist"; sourceTree = "<group>"; };
		829190191780705900F25133 /* en */ = {isa = PBXFileReference; lastKnownFileType = text.plist.strings; name = en; path = en.lproj/InfoPlist.strings; sourceTree = "<group>"; };
		8291901B1780705900F25133 /* China_OffsetTests.m */ = {isa = PBXFileReference; lastKnownFileType = sourcecode.c.objc; path = China_OffsetTests.m; sourceTree = "<group>"; };
/* End PBXFileReference section */

/* Begin PBXFrameworksBuildPhase section */
		82918FEA1780705900F25133 /* Frameworks */ = {
			isa = PBXFrameworksBuildPhase;
			buildActionMask = 2147483647;
			files = (
				82918FF31780705900F25133 /* CoreGraphics.framework in Frameworks */,
				82918FF51780705900F25133 /* UIKit.framework in Frameworks */,
				82918FF11780705900F25133 /* Foundation.framework in Frameworks */,
			);
			runOnlyForDeploymentPostprocessing = 0;
		};
		8291900B1780705900F25133 /* Frameworks */ = {
			isa = PBXFrameworksBuildPhase;
			buildActionMask = 2147483647;
			files = (
				829190101780705900F25133 /* XCTest.framework in Frameworks */,
				829190121780705900F25133 /* UIKit.framework in Frameworks */,
				829190111780705900F25133 /* Foundation.framework in Frameworks */,
			);
			runOnlyForDeploymentPostprocessing = 0;
		};
/* End PBXFrameworksBuildPhase section */

/* Begin PBXGroup section */
		82918FE41780705900F25133 = {
			isa = PBXGroup;
			children = (
				82918FF61780705900F25133 /* China Offset */,
				829190151780705900F25133 /* China OffsetTests */,
				82918FEF1780705900F25133 /* Frameworks */,
				82918FEE1780705900F25133 /* Products */,
			);
			sourceTree = "<group>";
		};
		82918FEE1780705900F25133 /* Products */ = {
			isa = PBXGroup;
			children = (
				82918FED1780705900F25133 /* China Offset.app */,
				8291900E1780705900F25133 /* China OffsetTests.xctest */,
			);
			name = Products;
			sourceTree = "<group>";
		};
		82918FEF1780705900F25133 /* Frameworks */ = {
			isa = PBXGroup;
			children = (
				82918FF01780705900F25133 /* Foundation.framework */,
				82918FF21780705900F25133 /* CoreGraphics.framework */,
				82918FF41780705900F25133 /* UIKit.framework */,
				8291900F1780705900F25133 /* XCTest.framework */,
			);
			name = Frameworks;
			sourceTree = "<group>";
		};
		82918FF61780705900F25133 /* China Offset */ = {
			isa = PBXGroup;
			children = (
				82918FFF1780705900F25133 /* AppDelegate.h */,
				829190001780705900F25133 /* AppDelegate.m */,
				829190021780705900F25133 /* Main.storyboard */,
				829190051780705900F25133 /* ViewController.h */,
				829190061780705900F25133 /* ViewController.m */,
				829190081780705900F25133 /* Images.xcassets */,
				82918FF71780705900F25133 /* Supporting Files */,
			);
			path = "China Offset";
			sourceTree = "<group>";
		};
		82918FF71780705900F25133 /* Supporting Files */ = {
			isa = PBXGroup;
			children = (
				82918FF81780705900F25133 /* China Offset-Info.plist */,
				82918FF91780705900F25133 /* InfoPlist.strings */,
				82918FFC1780705900F25133 /* main.m */,
				82918FFE1780705900F25133 /* China Offset-Prefix.pch */,
			);
			name = "Supporting Files";
			sourceTree = "<group>";
		};
		829190151780705900F25133 /* China OffsetTests */ = {
			isa = PBXGroup;
			children = (
				8291901B1780705900F25133 /* China_OffsetTests.m */,
				829190161780705900F25133 /* Supporting Files */,
			);
			path = "China OffsetTests";
			sourceTree = "<group>";
		};
		829190161780705900F25133 /* Supporting Files */ = {
			isa = PBXGroup;
			children = (
				829190171780705900F25133 /* China OffsetTests-Info.plist */,
				829190181780705900F25133 /* InfoPlist.strings */,
			);
			name = "Supporting Files";
			sourceTree = "<group>";
		};
/* End PBXGroup section */

/* Begin PBXNativeTarget section */
		82918FEC1780705900F25133 /* China Offset */ = {
			isa = PBXNativeTarget;
			buildConfigurationList = 8291901F1780705900F25133 /* Build configuration list for PBXNativeTarget "China Offset" */;
			buildPhases = (
				82918FE91780705900F25133 /* Sources */,
				82918FEA1780705900F25133 /* Frameworks */,
				82918FEB1780705900F25133 /* Resources */,
			);
			buildRules = (
			);
			dependencies = (
			);
			name = "China Offset";
			productName = "China Offset";
			productReference = 82918FED1780705900F25133 /* China Offset.app */;
			productType = "com.apple.product-type.application";
		};
		8291900D1780705900F25133 /* China OffsetTests */ = {
			isa = PBXNativeTarget;
			buildConfigurationList = 829190221780705900F25133 /* Build configuration list for PBXNativeTarget "China OffsetTests" */;
			buildPhases = (
				8291900A1780705900F25133 /* Sources */,
				8291900B1780705900F25133 /* Frameworks */,
				8291900C1780705900F25133 /* Resources */,
			);
			buildRules = (
			);
			dependencies = (
				829190141780705900F25133 /* PBXTargetDependency */,
			);
			name = "China OffsetTests";
			productName = "China OffsetTests";
			productReference = 8291900E1780705900F25133 /* China OffsetTests.xctest */;
			productType = "com.apple.product-type.bundle.unit-test";
		};
/* End PBXNativeTarget section */

/* Begin PBXProject section */
		82918FE51780705900F25133 /* Project object */ = {
			isa = PBXProject;
			attributes = {
				LastUpgradeCheck = 0500;
				ORGANIZATIONNAME = "Brian Eng";
				TargetAttributes = {
					8291900D1780705900F25133 = {
						TestTargetID = 82918FEC1780705900F25133;
					};
				};
			};
			buildConfigurationList = 82918FE81780705900F25133 /* Build configuration list for PBXProject "China Offset" */;
			compatibilityVersion = "Xcode 3.2";
			developmentRegion = English;
			hasScannedForEncodings = 0;
			knownRegions = (
				en,
				Base,
			);
			mainGroup = 82918FE41780705900F25133;
			productRefGroup = 82918FEE1780705900F25133 /* Products */;
			projectDirPath = "";
			projectRoot = "";
			targets = (
				82918FEC1780705900F25133 /* China Offset */,
				8291900D1780705900F25133 /* China OffsetTests */,
			);
		};
/* End PBXProject section */

/* Begin PBXResourcesBuildPhase section */
		82918FEB1780705900F25133 /* Resources */ = {
			isa = PBXResourcesBuildPhase;
			buildActionMask = 2147483647;
			files = (
				829190091780705900F25133 /* Images.xcassets in Resources */,
				82918FFB1780705900F25133 /* InfoPlist.strings in Resources */,
				829190041780705900F25133 /* Main.storyboard in Resources */,
			);
			runOnlyForDeploymentPostprocessing = 0;
		};
		8291900C1780705900F25133 /* Resources */ = {
			isa = PBXResourcesBuildPhase;
			buildActionMask = 2147483647;
			files = (
				8291901A1780705900F25133 /* InfoPlist.strings in Resources */,
			);
			runOnlyForDeploymentPostprocessing = 0;
		};
/* End PBXResourcesBuildPhase section */

/* Begin PBXSourcesBuildPhase section */
		82918FE91780705900F25133 /* Sources */ = {
			isa = PBXSourcesBuildPhase;
			buildActionMask = 2147483647;
			files = (
				829190071780705900F25133 /* ViewController.m in Sources */,
				829190011780705900F25133 /* AppDelegate.m in Sources */,
				82918FFD1780705900F25133 /* main.m in Sources */,
			);
			runOnlyForDeploymentPostprocessing = 0;
		};
		8291900A1780705900F25133 /* Sources */ = {
			isa = PBXSourcesBuildPhase;
			buildActionMask = 2147483647;
			files = (
				8291901C1780705900F25133 /* China_OffsetTests.m in Sources */,
			);
			runOnlyForDeploymentPostprocessing = 0;
		};
/* End PBXSourcesBuildPhase section */

/* Begin PBXTargetDependency section */
		829190141780705900F25133 /* PBXTargetDependency */ = {
			isa = PBXTargetDependency;
			target = 82918FEC1780705900F25133 /* China Offset */;
			targetProxy = 829190131780705900F25133 /* PBXContainerItemProxy */;
		};
/* End PBXTargetDependency section */

/* Begin PBXVariantGroup section */
		82918FF91780705900F25133 /* InfoPlist.strings */ = {
			isa = PBXVariantGroup;
			children = (
				82918FFA1780705900F25133 /* en */,
			);
			name = InfoPlist.strings;
			sourceTree = "<group>";
		};
		829190021780705900F25133 /* Main.storyboard */ = {
			isa = PBXVariantGroup;
			children = (
				829190031780705900F25133 /* Base */,
			);
			name = Main.storyboard;
			sourceTree = "<group>";
		};
		829190181780705900F25133 /* InfoPlist.strings */ = {
			isa = PBXVariantGroup;
			children = (
				829190191780705900F25133 /* en */,
			);
			name = InfoPlist.strings;
			sourceTree = "<group>";
		};
/* End PBXVariantGroup section */

/* Begin XCBuildConfiguration section */
		8291901D1780705900F25133 /* Debug */ = {
			isa = XCBuildConfiguration;
			buildSettings = {
				ALWAYS_SEARCH_USER_PATHS = NO;
				CLANG_CXX_LANGUAGE_STANDARD = "gnu++0x";
				CLANG_CXX_LIBRARY = "libc++";
				CLANG_ENABLE_MODULES = YES;
				CLANG_ENABLE_OBJC_ARC = YES;
				CLANG_WARN_BOOL_CONVERSION = YES;
				CLANG_WARN_CONSTANT_CONVERSION = YES;
				CLANG_WARN_DIRECT_OBJC_ISA_USAGE = YES_ERROR;
				CLANG_WARN_EMPTY_BODY = YES;
				CLANG_WARN_ENUM_CONVERSION = YES;
				CLANG_WARN_INT_CONVERSION = YES;
				CLANG_WARN_OBJC_ROOT_CLASS = YES_ERROR;
				CLANG_WARN__DUPLICATE_METHOD_MATCH = YES;
				"CODE_SIGN_IDENTITY[sdk=iphoneos*]" = "iPhone Developer";
				COPY_PHASE_STRIP = NO;
				GCC_C_LANGUAGE_STANDARD = gnu99;
				GCC_DYNAMIC_NO_PIC = NO;
				GCC_OPTIMIZATION_LEVEL = 0;
				GCC_PREPROCESSOR_DEFINITIONS = (
					"DEBUG=1",
					"$(inherited)",
				);
				GCC_SYMBOLS_PRIVATE_EXTERN = NO;
				GCC_WARN_ABOUT_RETURN_TYPE = YES_ERROR;
				GCC_WARN_UNDECLARED_SELECTOR = YES;
				GCC_WARN_UNINITIALIZED_AUTOS = YES;
				GCC_WARN_UNUSED_FUNCTION = YES;
				GCC_WARN_UNUSED_VARIABLE = YES;
				IPHONEOS_DEPLOYMENT_TARGET = 7.0;
				ONLY_ACTIVE_ARCH = YES;
				SDKROOT = iphoneos;
			};
			name = Debug;
		};
		8291901E1780705900F25133 /* Release */ = {
			isa = XCBuildConfiguration;
			buildSettings = {
				ALWAYS_SEARCH_USER_PATHS = NO;
				CLANG_CXX_LANGUAGE_STANDARD = "gnu++0x";
				CLANG_CXX_LIBRARY = "libc++";
				CLANG_ENABLE_MODULES = YES;
				CLANG_ENABLE_OBJC_ARC = YES;
				CLANG_WARN_BOOL_CONVERSION = YES;
				CLANG_WARN_CONSTANT_CONVERSION = YES;
				CLANG_WARN_DIRECT_OBJC_ISA_USAGE = YES_ERROR;
				CLANG_WARN_EMPTY_BODY = YES;
				CLANG_WARN_ENUM_CONVERSION = YES;
				CLANG_WARN_INT_CONVERSION = YES;
				CLANG_WARN_OBJC_ROOT_CLASS = YES_ERROR;
				CLANG_WARN__DUPLICATE_METHOD_MATCH = YES;
				"CODE_SIGN_IDENTITY[sdk=iphoneos*]" = "iPhone Developer";
				COPY_PHASE_STRIP = YES;
				ENABLE_NS_ASSERTIONS = NO;
				GCC_C_LANGUAGE_STANDARD = gnu99;
				GCC_WARN_ABOUT_RETURN_TYPE = YES_ERROR;
				GCC_WARN_UNDECLARED_SELECTOR = YES;
				GCC_WARN_UNINITIALIZED_AUTOS = YES;
				GCC_WARN_UNUSED_FUNCTION = YES;
				GCC_WARN_UNUSED_VARIABLE = YES;
				IPHONEOS_DEPLOYMENT_TARGET = 7.0;
				SDKROOT = iphoneos;
				VALIDATE_PRODUCT = YES;
			};
			name = Release;
		};
		829190201780705900F25133 /* Debug */ = {
			isa = XCBuildConfiguration;
			buildSettings = {
				ASSETCATALOG_COMPILER_APPICON_NAME = AppIcon;
				ASSETCATALOG_COMPILER_LAUNCHIMAGE_NAME = LaunchImage;
				GCC_PRECOMPILE_PREFIX_HEADER = YES;
				GCC_PREFIX_HEADER = "China Offset/China Offset-Prefix.pch";
				INFOPLIST_FILE = "China Offset/China Offset-Info.plist";
				PRODUCT_NAME = "$(TARGET_NAME)";
				WRAPPER_EXTENSION = app;
			};
			name = Debug;
		};
		829190211780705900F25133 /* Release */ = {
			isa = XCBuildConfiguration;
			buildSettings = {
				ASSETCATALOG_COMPILER_APPICON_NAME = AppIcon;
				ASSETCATALOG_COMPILER_LAUNCHIMAGE_NAME = LaunchImage;
				GCC_PRECOMPILE_PREFIX_HEADER = YES;
				GCC_PREFIX_HEADER = "China Offset/China Offset-Prefix.pch";
				INFOPLIST_FILE = "China Offset/China Offset-Info.plist";
				PRODUCT_NAME = "$(TARGET_NAME)";
				WRAPPER_EXTENSION = app;
			};
			name = Release;
		};
		829190231780705900F25133 /* Debug */ = {
			isa = XCBuildConfiguration;
			buildSettings = {
				BUNDLE_LOADER = "$(BUILT_PRODUCTS_DIR)/China Offset.app/China Offset";
				FRAMEWORK_SEARCH_PATHS = (
					"$(SDKROOT)/Developer/Library/Frameworks",
					"$(inherited)",
					"$(SYSTEM_APPS_DIR)/Xcode5-DP2.app/Contents/Developer/Library/Frameworks",
				);
				GCC_PRECOMPILE_PREFIX_HEADER = YES;
				GCC_PREFIX_HEADER = "China Offset/China Offset-Prefix.pch";
				GCC_PREPROCESSOR_DEFINITIONS = (
					"DEBUG=1",
					"$(inherited)",
				);
				INFOPLIST_FILE = "China OffsetTests/China OffsetTests-Info.plist";
				PRODUCT_NAME = "$(TARGET_NAME)";
				TEST_HOST = "$(BUNDLE_LOADER)";
				WRAPPER_EXTENSION = xctest;
			};
			name = Debug;
		};
		829190241780705900F25133 /* Release */ = {
			isa = XCBuildConfiguration;
			buildSettings = {
				BUNDLE_LOADER = "$(BUILT_PRODUCTS_DIR)/China Offset.app/China Offset";
				FRAMEWORK_SEARCH_PATHS = (
					"$(SDKROOT)/Developer/Library/Frameworks",
					"$(inherited)",
					"$(SYSTEM_APPS_DIR)/Xcode5-DP2.app/Contents/Developer/Library/Frameworks",
				);
				GCC_PRECOMPILE_PREFIX_HEADER = YES;
				GCC_PREFIX_HEADER = "China Offset/China Offset-Prefix.pch";
				INFOPLIST_FILE = "China OffsetTests/China OffsetTests-Info.plist";
				PRODUCT_NAME = "$(TARGET_NAME)";
				TEST_HOST = "$(BUNDLE_LOADER)";
				WRAPPER_EXTENSION = xctest;
			};
			name = Release;
		};
/* End XCBuildConfiguration section */

/* Begin XCConfigurationList section */
		82918FE81780705900F25133 /* Build configuration list for PBXProject "China Offset" */ = {
			isa = XCConfigurationList;
			buildConfigurations = (
				8291901D1780705900F25133 /* Debug */,
				8291901E1780705900F25133 /* Release */,
			);
			defaultConfigurationIsVisible = 0;
			defaultConfigurationName = Release;
		};
		8291901F1780705900F25133 /* Build configuration list for PBXNativeTarget "China Offset" */ = {
			isa = XCConfigurationList;
			buildConfigurations = (
				829190201780705900F25133 /* Debug */,
				829190211780705900F25133 /* Release */,
			);
			defaultConfigurationIsVisible = 0;
		};
		829190221780705900F25133 /* Build configuration list for PBXNativeTarget "China OffsetTests" */ = {
			isa = XCConfigurationList;
			buildConfigurations = (
				829190231780705900F25133 /* Debug */,
				829190241780705900F25133 /* Release */,
			);
			defaultConfigurationIsVisible = 0;
		};
/* End XCConfigurationList section */
	};
	rootObject = 82918FE51780705900F25133 /* Project object */;
}
